{
  "nodes": {
    "mavenix": {
      "flake": false,
      "locked": {
        "lastModified": 1591626256,
        "narHash": "sha256-+eHvGiDGFlxVQOW+dhtT2tkL6dVFkJdGNm6b6iuuQtg=",
        "owner": "nix-community",
        "repo": "mavenix",
        "rev": "3ac30863abb9a8986560ed4dfa5e6288434b73e1",
        "type": "github"
      },
      "original": {
        "owner": "nix-community",
        "repo": "mavenix",
        "rev": "3ac30863abb9a8986560ed4dfa5e6288434b73e1",
        "type": "github"
      }
    },
    "nixpkgs": {
      "locked": {
        "lastModified": 1603530688,
        "narHash": "sha256-KkZ3/8jxHBeP6FTgRtJS2ioKuTne2vnfFiYz+xi5mnA=",
        "owner": "NixOS",
        "repo": "nixpkgs",
        "rev": "a26e92a67d884db696792d25dcc44c466a1bc8b4",
        "type": "github"
      },
      "original": {
        "id": "nixpkgs",
        "rev": "a26e92a67d884db696792d25dcc44c466a1bc8b4",
        "type": "indirect"
      }
    },
    "root": {
      "inputs": {
        "mavenix": "mavenix",
        "nixpkgs": "nixpkgs",
        "utils": "utils"
      }
    },
    "utils": {
      "locked": {
        "lastModified": 1633020083,
        "narHash": "sha256-gROMvld8DujSNB6V5Gjrut7yPKb0+lgocUJ/tCLRC/s=",
        "owner": "kreisys",
        "repo": "flake-utils",
        "rev": "df487d0f7821b13aae5db9704a55c147b21201bb",
        "type": "github"
      },
      "original": {
        "owner": "kreisys",
        "repo": "flake-utils",
        "type": "github"
      }
    }
  },
  "root": "root",
  "version": 7
}
